<?xml version="1.0" encoding="utf-8"?>
<Project ToolsVersion="4.0" xmlns="http://schemas.microsoft.com/developer/msbuild/2003">
  <ItemGroup>
    <ClCompile Include="GL\Buffer.cpp">
      <Filter>GL</Filter>
    </ClCompile>
    <ClCompile Include="GL\Shader.cpp">
      <Filter>GL</Filter>
    </ClCompile>
    <ClCompile Include="GL\Vertex.cpp">
      <Filter>GL</Filter>
    </ClCompile>
    <ClCompile Include="Display.cpp" />
    <ClCompile Include="main.cpp" />
    <ClCompile Include="SDL2\SDL.cpp">
      <Filter>SDL</Filter>
    </ClCompile>
    <ClCompile Include="GL\OpenGL.cpp">
      <Filter>GL</Filter>
    </ClCompile>
    <ClCompile Include="GL\Camera.cpp">
      <Filter>GL</Filter>
    </ClCompile>
    <ClCompile Include="format\OBJ.cpp">
      <Filter>formats</Filter>
    </ClCompile>
    <ClCompile Include="GL\Mesh.cpp">
      <Filter>GL</Filter>
    </ClCompile>
    <ClCompile Include="GL\shader_source.cpp">
      <Filter>GL</Filter>
    </ClCompile>
    <ClCompile Include="GL\Texture.cpp">
      <Filter>GL</Filter>
    </ClCompile>
    <ClCompile Include="format\TGA.cpp">
      <Filter>formats</Filter>
    </ClCompile>
    <ClCompile Include="GL\Lighting.cpp">
      <Filter>GL</Filter>
    </ClCompile>
  </ItemGroup>
  <ItemGroup>
    <CopyFileToFolders Include="plain_fragment.glsl" />
    <CopyFileToFolders Include="plain_vertex.glsl" />
    <CopyFileToFolders Include="cube.obj" />
    <CopyFileToFolders Include="icosa.obj" />
    <CopyFileToFolders Include="octo.obj" />
    <CopyFileToFolders Include="sphere.obj" />
    <CopyFileToFolders Include="lichen.tga" />
    <CopyFileToFolders Include="sandstone.tga" />
    <CopyFileToFolders Include="sun.tga" />
    <CopyFileToFolders Include="earth_8k.tga">
      <Filter>textures</Filter>
    </CopyFileToFolders>
    <CopyFileToFolders Include="8k_jupiter.tga">
      <Filter>textures</Filter>
    </CopyFileToFolders>
    <CopyFileToFolders Include="suncyl1.tga">
      <Filter>textures</Filter>
    </CopyFileToFolders>
    <CopyFileToFolders Include="2k_neptune.tga">
      <Filter>textures</Filter>
    </CopyFileToFolders>
  </ItemGroup>
  <ItemGroup>
    <Filter Include="GL">
      <UniqueIdentifier>{3d32b248-6e80-4572-8101-e2c1489101bb}</UniqueIdentifier>
    </Filter>
    <Filter Include="SDL">
      <UniqueIdentifier>{a6229533-06e6-4dc8-9f93-738fa2a44174}</UniqueIdentifier>
    </Filter>
    <Filter Include="formats">
      <UniqueIdentifier>{7a8c7cb1-312e-42cd-a778-6de9ee062de8}</UniqueIdentifier>
    </Filter>
    <Filter Include="textures">
      <UniqueIdentifier>{172718a0-b156-472b-a6c3-98d2ce061106}</UniqueIdentifier>
    </Filter>
  </ItemGroup>
  <ItemGroup>
    <ClInclude Include="GL\Buffer.h">
      <Filter>GL</Filter>
    </ClInclude>
    <ClInclude Include="GL\OpenGL.h">
      <Filter>GL</Filter>
    </ClInclude>
    <ClInclude Include="GL\Vertex.h">
      <Filter>GL</Filter>
    </ClInclude>
    <ClInclude Include="GL\Shader.h">
      <Filter>GL</Filter>
    </ClInclude>
    <ClInclude Include="Display.h" />
    <ClInclude Include="SDL2\SDL.h">
      <Filter>SDL</Filter>
    </ClInclude>
    <ClInclude Include="GL\Camera.h">
      <Filter>GL</Filter>
    </ClInclude>
    <ClInclude Include="format\OBJ.h">
      <Filter>formats</Filter>
    </ClInclude>
    <ClInclude Include="GL\Mesh.h">
      <Filter>GL</Filter>
    </ClInclude>
    <ClInclude Include="GL\Texture.h">
      <Filter>GL</Filter>
    </ClInclude>
    <ClInclude Include="format\TGA.h">
      <Filter>formats</Filter>
    </ClInclude>
    <ClInclude Include="GL\Lighting.h">
      <Filter>GL</Filter>
    </ClInclude>
  </ItemGroup>
  <ItemGroup>
    <Image Include="8k_mars.tga">
      <Filter>textures</Filter>
    </Image>
    <Image Include="8k_mercury.tga">
      <Filter>textures</Filter>
    </Image>
    <Image Include="8k_moon.tga">
      <Filter>textures</Filter>
    </Image>
    <Image Include="8k_saturn.tga">
      <Filter>textures</Filter>
    </Image>
    <Image Include="uranusmap.tga">
      <Filter>textures</Filter>
    </Image>
  </ItemGroup>
</Project>